// !$*UTF8*$!
{
	archiveVersion = 1;
	classes = {
	};
	objectVersion = 46;
	objects = {

/* Begin PBXBuildFile section */
		1017C2A11E51CB3800DFEF26 /* GameArea.swift in Sources */ = {isa = PBXBuildFile; fileRef = 1017C2A01E51CB3800DFEF26 /* GameArea.swift */; };
		1017C2A31E51DD7A00DFEF26 /* Goal.swift in Sources */ = {isa = PBXBuildFile; fileRef = 1017C2A21E51DD7A00DFEF26 /* Goal.swift */; };
		1017C2A51E51E13C00DFEF26 /* Bitmasks.swift in Sources */ = {isa = PBXBuildFile; fileRef = 1017C2A41E51E13C00DFEF26 /* Bitmasks.swift */; };
		1055BA9A1E4DDFB7000FDB1A /* Ball.swift in Sources */ = {isa = PBXBuildFile; fileRef = 1055BA991E4DDFB7000FDB1A /* Ball.swift */; };
		10AE78D21E532996003465F0 /* tile-01.png in Resources */ = {isa = PBXBuildFile; fileRef = 10AE78D11E532996003465F0 /* tile-01.png */; };
		10E6183A1E4E0C9100462512 /* Corner.swift in Sources */ = {isa = PBXBuildFile; fileRef = 10E618391E4E0C9100462512 /* Corner.swift */; };
		10E6184A1E4FABDA00462512 /* blue-01.png in Resources */ = {isa = PBXBuildFile; fileRef = 10E618461E4FABDA00462512 /* blue-01.png */; };
		10E6184B1E4FABDA00462512 /* blue-02.png in Resources */ = {isa = PBXBuildFile; fileRef = 10E618471E4FABDA00462512 /* blue-02.png */; };
		10E6184C1E4FABDA00462512 /* blue-03.png in Resources */ = {isa = PBXBuildFile; fileRef = 10E618481E4FABDA00462512 /* blue-03.png */; };
		10E6184D1E4FABDA00462512 /* blue-04.png in Resources */ = {isa = PBXBuildFile; fileRef = 10E618491E4FABDA00462512 /* blue-04.png */; };
		10E618521E4FAC2D00462512 /* white-01.png in Resources */ = {isa = PBXBuildFile; fileRef = 10E6184E1E4FAC2D00462512 /* white-01.png */; };
		10E618531E4FAC2D00462512 /* white-02.png in Resources */ = {isa = PBXBuildFile; fileRef = 10E6184F1E4FAC2D00462512 /* white-02.png */; };
		10E618541E4FAC2D00462512 /* white-03.png in Resources */ = {isa = PBXBuildFile; fileRef = 10E618501E4FAC2D00462512 /* white-03.png */; };
		10E618551E4FAC2D00462512 /* white-04.png in Resources */ = {isa = PBXBuildFile; fileRef = 10E618511E4FAC2D00462512 /* white-04.png */; };
		10E6185A1E4FAC4F00462512 /* orange-01.png in Resources */ = {isa = PBXBuildFile; fileRef = 10E618561E4FAC4F00462512 /* orange-01.png */; };
		10E6185B1E4FAC4F00462512 /* orange-02.png in Resources */ = {isa = PBXBuildFile; fileRef = 10E618571E4FAC4F00462512 /* orange-02.png */; };
		10E6185C1E4FAC4F00462512 /* orange-03.png in Resources */ = {isa = PBXBuildFile; fileRef = 10E618581E4FAC4F00462512 /* orange-03.png */; };
		10E6185D1E4FAC4F00462512 /* orange-04.png in Resources */ = {isa = PBXBuildFile; fileRef = 10E618591E4FAC4F00462512 /* orange-04.png */; };
		10E618621E4FAC8100462512 /* pink-01.png in Resources */ = {isa = PBXBuildFile; fileRef = 10E6185E1E4FAC8100462512 /* pink-01.png */; };
		10E618631E4FAC8100462512 /* pink-02.png in Resources */ = {isa = PBXBuildFile; fileRef = 10E6185F1E4FAC8100462512 /* pink-02.png */; };
		10E618641E4FAC8100462512 /* pink-03.png in Resources */ = {isa = PBXBuildFile; fileRef = 10E618601E4FAC8100462512 /* pink-03.png */; };
		10E618651E4FAC8100462512 /* pink-04.png in Resources */ = {isa = PBXBuildFile; fileRef = 10E618611E4FAC8100462512 /* pink-04.png */; };
		10E6186A1E4FACC100462512 /* green-01.png in Resources */ = {isa = PBXBuildFile; fileRef = 10E618661E4FACC100462512 /* green-01.png */; };
		10E6186B1E4FACC100462512 /* green-02.png in Resources */ = {isa = PBXBuildFile; fileRef = 10E618671E4FACC100462512 /* green-02.png */; };
		10E6186C1E4FACC100462512 /* green-03.png in Resources */ = {isa = PBXBuildFile; fileRef = 10E618681E4FACC100462512 /* green-03.png */; };
		10E6186D1E4FACC100462512 /* green-04.png in Resources */ = {isa = PBXBuildFile; fileRef = 10E618691E4FACC100462512 /* green-04.png */; };
		10E618741E4FAD0000462512 /* purple-01.png in Resources */ = {isa = PBXBuildFile; fileRef = 10E618701E4FAD0000462512 /* purple-01.png */; };
		10E618751E4FAD0000462512 /* purple-02.png in Resources */ = {isa = PBXBuildFile; fileRef = 10E618711E4FAD0000462512 /* purple-02.png */; };
		10E618761E4FAD0000462512 /* purple-03.png in Resources */ = {isa = PBXBuildFile; fileRef = 10E618721E4FAD0000462512 /* purple-03.png */; };
		10E618771E4FAD0000462512 /* purple-04.png in Resources */ = {isa = PBXBuildFile; fileRef = 10E618731E4FAD0000462512 /* purple-04.png */; };
		10E6187C1E4FAD3900462512 /* red-01.png in Resources */ = {isa = PBXBuildFile; fileRef = 10E618781E4FAD3900462512 /* red-01.png */; };
		10E6187D1E4FAD3900462512 /* red-02.png in Resources */ = {isa = PBXBuildFile; fileRef = 10E618791E4FAD3900462512 /* red-02.png */; };
		10E6187E1E4FAD3900462512 /* red-03.png in Resources */ = {isa = PBXBuildFile; fileRef = 10E6187A1E4FAD3900462512 /* red-03.png */; };
		10E6187F1E4FAD3900462512 /* red-04.png in Resources */ = {isa = PBXBuildFile; fileRef = 10E6187B1E4FAD3900462512 /* red-04.png */; };
		6A45A56E1E4D724700212AA1 /* MultipeerManager.swift in Sources */ = {isa = PBXBuildFile; fileRef = 6A45A56D1E4D724700212AA1 /* MultipeerManager.swift */; };
		D112F4011E532C0800959664 /* TiledNode.swift in Sources */ = {isa = PBXBuildFile; fileRef = D112F4001E532C0800959664 /* TiledNode.swift */; };
		D11BE13E1E51E193009D6414 /* ControllerTestScene.swift in Sources */ = {isa = PBXBuildFile; fileRef = D11BE13D1E51E193009D6414 /* ControllerTestScene.swift */; };
		D16045311E4DE6CE0007B4B7 /* SKNode+Extensions.swift in Sources */ = {isa = PBXBuildFile; fileRef = D10909471E49EC76007AE92C /* SKNode+Extensions.swift */; };
		D16045331E4DE8DC0007B4B7 /* ControllerManager.swift in Sources */ = {isa = PBXBuildFile; fileRef = D16045321E4DE8DC0007B4B7 /* ControllerManager.swift */; };
		D16045381E4DF0610007B4B7 /* Updatable.swift in Sources */ = {isa = PBXBuildFile; fileRef = D16045371E4DF0610007B4B7 /* Updatable.swift */; };
		D160453A1E4DF5B70007B4B7 /* CGPoint+Extensions.swift in Sources */ = {isa = PBXBuildFile; fileRef = D16045391E4DF5B70007B4B7 /* CGPoint+Extensions.swift */; };
		D16BB1FA1E43917700A2BE0B /* AppDelegate.swift in Sources */ = {isa = PBXBuildFile; fileRef = D16BB1F91E43917700A2BE0B /* AppDelegate.swift */; };
		D16BB2001E43917700A2BE0B /* Game.xcassets in Resources */ = {isa = PBXBuildFile; fileRef = D16BB1FF1E43917700A2BE0B /* Game.xcassets */; };
		D16BB2021E43917700A2BE0B /* GameScene.swift in Sources */ = {isa = PBXBuildFile; fileRef = D16BB2011E43917700A2BE0B /* GameScene.swift */; };
		D16BB2041E43917700A2BE0B /* GameViewController.swift in Sources */ = {isa = PBXBuildFile; fileRef = D16BB2031E43917700A2BE0B /* GameViewController.swift */; };
		D16BB2071E43917700A2BE0B /* Main.storyboard in Resources */ = {isa = PBXBuildFile; fileRef = D16BB2051E43917700A2BE0B /* Main.storyboard */; };
		D16BB2091E43917700A2BE0B /* Assets.xcassets in Resources */ = {isa = PBXBuildFile; fileRef = D16BB2081E43917700A2BE0B /* Assets.xcassets */; };
		D19EB3BB1E44B23F00C44DEA /* Paddle.swift in Sources */ = {isa = PBXBuildFile; fileRef = D19EB3BA1E44B23F00C44DEA /* Paddle.swift */; };
		FBA3B3463588886C6473A21E /* Pods_pongball.framework in Frameworks */ = {isa = PBXBuildFile; fileRef = 6F8E24F1664AD5174D4BABB5 /* Pods_pongball.framework */; };
/* End PBXBuildFile section */

/* Begin PBXFileReference section */
		1017C2A01E51CB3800DFEF26 /* GameArea.swift */ = {isa = PBXFileReference; fileEncoding = 4; lastKnownFileType = sourcecode.swift; path = GameArea.swift; sourceTree = "<group>"; };
		1017C2A21E51DD7A00DFEF26 /* Goal.swift */ = {isa = PBXFileReference; fileEncoding = 4; lastKnownFileType = sourcecode.swift; path = Goal.swift; sourceTree = "<group>"; };
		1017C2A41E51E13C00DFEF26 /* Bitmasks.swift */ = {isa = PBXFileReference; fileEncoding = 4; lastKnownFileType = sourcecode.swift; path = Bitmasks.swift; sourceTree = "<group>"; };
		1055BA991E4DDFB7000FDB1A /* Ball.swift */ = {isa = PBXFileReference; fileEncoding = 4; lastKnownFileType = sourcecode.swift; path = Ball.swift; sourceTree = "<group>"; };
		10AE78D11E532996003465F0 /* tile-01.png */ = {isa = PBXFileReference; lastKnownFileType = image.png; path = "tile-01.png"; sourceTree = "<group>"; };
		10E618391E4E0C9100462512 /* Corner.swift */ = {isa = PBXFileReference; fileEncoding = 4; lastKnownFileType = sourcecode.swift; path = Corner.swift; sourceTree = "<group>"; };
		10E618461E4FABDA00462512 /* blue-01.png */ = {isa = PBXFileReference; lastKnownFileType = image.png; path = "blue-01.png"; sourceTree = "<group>"; };
		10E618471E4FABDA00462512 /* blue-02.png */ = {isa = PBXFileReference; lastKnownFileType = image.png; path = "blue-02.png"; sourceTree = "<group>"; };
		10E618481E4FABDA00462512 /* blue-03.png */ = {isa = PBXFileReference; lastKnownFileType = image.png; path = "blue-03.png"; sourceTree = "<group>"; };
		10E618491E4FABDA00462512 /* blue-04.png */ = {isa = PBXFileReference; lastKnownFileType = image.png; path = "blue-04.png"; sourceTree = "<group>"; };
		10E6184E1E4FAC2D00462512 /* white-01.png */ = {isa = PBXFileReference; lastKnownFileType = image.png; path = "white-01.png"; sourceTree = "<group>"; };
		10E6184F1E4FAC2D00462512 /* white-02.png */ = {isa = PBXFileReference; lastKnownFileType = image.png; path = "white-02.png"; sourceTree = "<group>"; };
		10E618501E4FAC2D00462512 /* white-03.png */ = {isa = PBXFileReference; lastKnownFileType = image.png; path = "white-03.png"; sourceTree = "<group>"; };
		10E618511E4FAC2D00462512 /* white-04.png */ = {isa = PBXFileReference; lastKnownFileType = image.png; path = "white-04.png"; sourceTree = "<group>"; };
		10E618561E4FAC4F00462512 /* orange-01.png */ = {isa = PBXFileReference; lastKnownFileType = image.png; path = "orange-01.png"; sourceTree = "<group>"; };
		10E618571E4FAC4F00462512 /* orange-02.png */ = {isa = PBXFileReference; lastKnownFileType = image.png; path = "orange-02.png"; sourceTree = "<group>"; };
		10E618581E4FAC4F00462512 /* orange-03.png */ = {isa = PBXFileReference; lastKnownFileType = image.png; path = "orange-03.png"; sourceTree = "<group>"; };
		10E618591E4FAC4F00462512 /* orange-04.png */ = {isa = PBXFileReference; lastKnownFileType = image.png; path = "orange-04.png"; sourceTree = "<group>"; };
		10E6185E1E4FAC8100462512 /* pink-01.png */ = {isa = PBXFileReference; lastKnownFileType = image.png; path = "pink-01.png"; sourceTree = "<group>"; };
		10E6185F1E4FAC8100462512 /* pink-02.png */ = {isa = PBXFileReference; lastKnownFileType = image.png; path = "pink-02.png"; sourceTree = "<group>"; };
		10E618601E4FAC8100462512 /* pink-03.png */ = {isa = PBXFileReference; lastKnownFileType = image.png; path = "pink-03.png"; sourceTree = "<group>"; };
		10E618611E4FAC8100462512 /* pink-04.png */ = {isa = PBXFileReference; lastKnownFileType = image.png; path = "pink-04.png"; sourceTree = "<group>"; };
		10E618661E4FACC100462512 /* green-01.png */ = {isa = PBXFileReference; lastKnownFileType = image.png; path = "green-01.png"; sourceTree = "<group>"; };
		10E618671E4FACC100462512 /* green-02.png */ = {isa = PBXFileReference; lastKnownFileType = image.png; path = "green-02.png"; sourceTree = "<group>"; };
		10E618681E4FACC100462512 /* green-03.png */ = {isa = PBXFileReference; lastKnownFileType = image.png; path = "green-03.png"; sourceTree = "<group>"; };
		10E618691E4FACC100462512 /* green-04.png */ = {isa = PBXFileReference; lastKnownFileType = image.png; path = "green-04.png"; sourceTree = "<group>"; };
		10E618701E4FAD0000462512 /* purple-01.png */ = {isa = PBXFileReference; lastKnownFileType = image.png; path = "purple-01.png"; sourceTree = "<group>"; };
		10E618711E4FAD0000462512 /* purple-02.png */ = {isa = PBXFileReference; lastKnownFileType = image.png; path = "purple-02.png"; sourceTree = "<group>"; };
		10E618721E4FAD0000462512 /* purple-03.png */ = {isa = PBXFileReference; lastKnownFileType = image.png; path = "purple-03.png"; sourceTree = "<group>"; };
		10E618731E4FAD0000462512 /* purple-04.png */ = {isa = PBXFileReference; lastKnownFileType = image.png; path = "purple-04.png"; sourceTree = "<group>"; };
		10E618781E4FAD3900462512 /* red-01.png */ = {isa = PBXFileReference; lastKnownFileType = image.png; path = "red-01.png"; sourceTree = "<group>"; };
		10E618791E4FAD3900462512 /* red-02.png */ = {isa = PBXFileReference; lastKnownFileType = image.png; path = "red-02.png"; sourceTree = "<group>"; };
		10E6187A1E4FAD3900462512 /* red-03.png */ = {isa = PBXFileReference; lastKnownFileType = image.png; path = "red-03.png"; sourceTree = "<group>"; };
		10E6187B1E4FAD3900462512 /* red-04.png */ = {isa = PBXFileReference; lastKnownFileType = image.png; path = "red-04.png"; sourceTree = "<group>"; };
		2725AB485C07487854E5A6AC /* Pods-pongball.debug.xcconfig */ = {isa = PBXFileReference; includeInIndex = 1; lastKnownFileType = text.xcconfig; name = "Pods-pongball.debug.xcconfig"; path = "Pods/Target Support Files/Pods-pongball/Pods-pongball.debug.xcconfig"; sourceTree = "<group>"; };
		42C18ADB95DE28E519BC97DE /* Pods-pongball.release.xcconfig */ = {isa = PBXFileReference; includeInIndex = 1; lastKnownFileType = text.xcconfig; name = "Pods-pongball.release.xcconfig"; path = "Pods/Target Support Files/Pods-pongball/Pods-pongball.release.xcconfig"; sourceTree = "<group>"; };
		6A45A56D1E4D724700212AA1 /* MultipeerManager.swift */ = {isa = PBXFileReference; fileEncoding = 4; lastKnownFileType = sourcecode.swift; path = MultipeerManager.swift; sourceTree = "<group>"; };
		6F8E24F1664AD5174D4BABB5 /* Pods_pongball.framework */ = {isa = PBXFileReference; explicitFileType = wrapper.framework; includeInIndex = 0; path = Pods_pongball.framework; sourceTree = BUILT_PRODUCTS_DIR; };
		D10909471E49EC76007AE92C /* SKNode+Extensions.swift */ = {isa = PBXFileReference; fileEncoding = 4; lastKnownFileType = sourcecode.swift; path = "SKNode+Extensions.swift"; sourceTree = "<group>"; };
		D112F4001E532C0800959664 /* TiledNode.swift */ = {isa = PBXFileReference; fileEncoding = 4; lastKnownFileType = sourcecode.swift; path = TiledNode.swift; sourceTree = "<group>"; };
		D11BE13D1E51E193009D6414 /* ControllerTestScene.swift */ = {isa = PBXFileReference; fileEncoding = 4; lastKnownFileType = sourcecode.swift; path = ControllerTestScene.swift; sourceTree = "<group>"; };
		D16045321E4DE8DC0007B4B7 /* ControllerManager.swift */ = {isa = PBXFileReference; fileEncoding = 4; lastKnownFileType = sourcecode.swift; path = ControllerManager.swift; sourceTree = "<group>"; };
		D16045371E4DF0610007B4B7 /* Updatable.swift */ = {isa = PBXFileReference; fileEncoding = 4; lastKnownFileType = sourcecode.swift; path = Updatable.swift; sourceTree = "<group>"; };
		D16045391E4DF5B70007B4B7 /* CGPoint+Extensions.swift */ = {isa = PBXFileReference; fileEncoding = 4; lastKnownFileType = sourcecode.swift; path = "CGPoint+Extensions.swift"; sourceTree = "<group>"; };
		D16BB1F61E43917700A2BE0B /* pongball.app */ = {isa = PBXFileReference; explicitFileType = wrapper.application; includeInIndex = 0; path = pongball.app; sourceTree = BUILT_PRODUCTS_DIR; };
		D16BB1F91E43917700A2BE0B /* AppDelegate.swift */ = {isa = PBXFileReference; lastKnownFileType = sourcecode.swift; path = AppDelegate.swift; sourceTree = "<group>"; };
		D16BB1FF1E43917700A2BE0B /* Game.xcassets */ = {isa = PBXFileReference; lastKnownFileType = folder.assetcatalog; path = Game.xcassets; sourceTree = "<group>"; };
		D16BB2011E43917700A2BE0B /* GameScene.swift */ = {isa = PBXFileReference; lastKnownFileType = sourcecode.swift; name = GameScene.swift; path = pongball/GameScene.swift; sourceTree = "<group>"; };
		D16BB2031E43917700A2BE0B /* GameViewController.swift */ = {isa = PBXFileReference; lastKnownFileType = sourcecode.swift; path = GameViewController.swift; sourceTree = "<group>"; };
		D16BB2061E43917700A2BE0B /* Base */ = {isa = PBXFileReference; lastKnownFileType = file.storyboard; name = Base; path = Base.lproj/Main.storyboard; sourceTree = "<group>"; };
		D16BB2081E43917700A2BE0B /* Assets.xcassets */ = {isa = PBXFileReference; lastKnownFileType = folder.assetcatalog; path = Assets.xcassets; sourceTree = "<group>"; };
		D16BB20A1E43917700A2BE0B /* Info.plist */ = {isa = PBXFileReference; lastKnownFileType = text.plist.xml; path = Info.plist; sourceTree = "<group>"; };
		D19EB3BA1E44B23F00C44DEA /* Paddle.swift */ = {isa = PBXFileReference; fileEncoding = 4; lastKnownFileType = sourcecode.swift; path = Paddle.swift; sourceTree = "<group>"; };
/* End PBXFileReference section */

/* Begin PBXFrameworksBuildPhase section */
		D16BB1F31E43917600A2BE0B /* Frameworks */ = {
			isa = PBXFrameworksBuildPhase;
			buildActionMask = 2147483647;
			files = (
				FBA3B3463588886C6473A21E /* Pods_pongball.framework in Frameworks */,
			);
			runOnlyForDeploymentPostprocessing = 0;
		};
/* End PBXFrameworksBuildPhase section */

/* Begin PBXGroup section */
		10B6F6F51E537865003896DF /* Tile */ = {
			isa = PBXGroup;
			children = (
				10AE78D11E532996003465F0 /* tile-01.png */,
			);
			name = Tile;
			sourceTree = "<group>";
		};
		10E6183D1E4E407F00462512 /* Resources */ = {
			isa = PBXGroup;
			children = (
				10B6F6F51E537865003896DF /* Tile */,
				10E618401E4FAB3300462512 /* Balls */,
			);
			name = Resources;
			sourceTree = "<group>";
		};
		10E618401E4FAB3300462512 /* Balls */ = {
			isa = PBXGroup;
			children = (
				10E6186F1E4FACF300462512 /* Purple */,
				10E6186E1E4FACED00462512 /* Red */,
				10E618451E4FABBF00462512 /* Green */,
				10E618441E4FABB100462512 /* Pink */,
				10E618431E4FABA800462512 /* Orange */,
				10E618421E4FAB9E00462512 /* White */,
				10E618411E4FAB5000462512 /* Blue */,
			);
			name = Balls;
			sourceTree = "<group>";
		};
		10E618411E4FAB5000462512 /* Blue */ = {
			isa = PBXGroup;
			children = (
				10E618461E4FABDA00462512 /* blue-01.png */,
				10E618471E4FABDA00462512 /* blue-02.png */,
				10E618481E4FABDA00462512 /* blue-03.png */,
				10E618491E4FABDA00462512 /* blue-04.png */,
			);
			name = Blue;
			sourceTree = "<group>";
		};
		10E618421E4FAB9E00462512 /* White */ = {
			isa = PBXGroup;
			children = (
				10E6184E1E4FAC2D00462512 /* white-01.png */,
				10E6184F1E4FAC2D00462512 /* white-02.png */,
				10E618501E4FAC2D00462512 /* white-03.png */,
				10E618511E4FAC2D00462512 /* white-04.png */,
			);
			name = White;
			sourceTree = "<group>";
		};
		10E618431E4FABA800462512 /* Orange */ = {
			isa = PBXGroup;
			children = (
				10E618561E4FAC4F00462512 /* orange-01.png */,
				10E618571E4FAC4F00462512 /* orange-02.png */,
				10E618581E4FAC4F00462512 /* orange-03.png */,
				10E618591E4FAC4F00462512 /* orange-04.png */,
			);
			name = Orange;
			sourceTree = "<group>";
		};
		10E618441E4FABB100462512 /* Pink */ = {
			isa = PBXGroup;
			children = (
				10E6185E1E4FAC8100462512 /* pink-01.png */,
				10E6185F1E4FAC8100462512 /* pink-02.png */,
				10E618601E4FAC8100462512 /* pink-03.png */,
				10E618611E4FAC8100462512 /* pink-04.png */,
			);
			name = Pink;
			sourceTree = "<group>";
		};
		10E618451E4FABBF00462512 /* Green */ = {
			isa = PBXGroup;
			children = (
				10E618661E4FACC100462512 /* green-01.png */,
				10E618671E4FACC100462512 /* green-02.png */,
				10E618681E4FACC100462512 /* green-03.png */,
				10E618691E4FACC100462512 /* green-04.png */,
			);
			name = Green;
			sourceTree = "<group>";
		};
		10E6186E1E4FACED00462512 /* Red */ = {
			isa = PBXGroup;
			children = (
				10E618781E4FAD3900462512 /* red-01.png */,
				10E618791E4FAD3900462512 /* red-02.png */,
				10E6187A1E4FAD3900462512 /* red-03.png */,
				10E6187B1E4FAD3900462512 /* red-04.png */,
			);
			name = Red;
			sourceTree = "<group>";
		};
		10E6186F1E4FACF300462512 /* Purple */ = {
			isa = PBXGroup;
			children = (
				10E618701E4FAD0000462512 /* purple-01.png */,
				10E618711E4FAD0000462512 /* purple-02.png */,
				10E618721E4FAD0000462512 /* purple-03.png */,
				10E618731E4FAD0000462512 /* purple-04.png */,
			);
			name = Purple;
			sourceTree = "<group>";
		};
		793A9F457DD72762FB7D8E74 /* Frameworks */ = {
			isa = PBXGroup;
			children = (
				6F8E24F1664AD5174D4BABB5 /* Pods_pongball.framework */,
			);
			name = Frameworks;
			sourceTree = "<group>";
		};
		D10909491E49F037007AE92C /* Extensions */ = {
			isa = PBXGroup;
			children = (
				D10909471E49EC76007AE92C /* SKNode+Extensions.swift */,
				D16045391E4DF5B70007B4B7 /* CGPoint+Extensions.swift */,
			);
			name = Extensions;
			sourceTree = "<group>";
		};
		D11BE13C1E51E169009D6414 /* Scenes */ = {
			isa = PBXGroup;
			children = (
				D11BE13D1E51E193009D6414 /* ControllerTestScene.swift */,
				D16BB2011E43917700A2BE0B /* GameScene.swift */,
			);
			name = Scenes;
			path = ..;
			sourceTree = "<group>";
		};
		D16045361E4DF0430007B4B7 /* Protocols */ = {
			isa = PBXGroup;
			children = (
				D16045371E4DF0610007B4B7 /* Updatable.swift */,
			);
			name = Protocols;
			sourceTree = "<group>";
		};
		D16BB1ED1E43917600A2BE0B = {
			isa = PBXGroup;
			children = (
				D16BB1F81E43917700A2BE0B /* pongball */,
				D16BB1F71E43917700A2BE0B /* Products */,
				E96726BC0D42576A6B1E5725 /* Pods */,
				793A9F457DD72762FB7D8E74 /* Frameworks */,
			);
			sourceTree = "<group>";
		};
		D16BB1F71E43917700A2BE0B /* Products */ = {
			isa = PBXGroup;
			children = (
				D16BB1F61E43917700A2BE0B /* pongball.app */,
			);
			name = Products;
			sourceTree = "<group>";
		};
		D16BB1F81E43917700A2BE0B /* pongball */ = {
			isa = PBXGroup;
			children = (
				D11BE13C1E51E169009D6414 /* Scenes */,
				10E6183D1E4E407F00462512 /* Resources */,
				D16045361E4DF0430007B4B7 /* Protocols */,
				D10909491E49F037007AE92C /* Extensions */,
				D19EB3B91E44B20200C44DEA /* Nodes */,
				D16BB1F91E43917700A2BE0B /* AppDelegate.swift */,
				6A45A56D1E4D724700212AA1 /* MultipeerManager.swift */,
				D16045321E4DE8DC0007B4B7 /* ControllerManager.swift */,
				D16BB1FF1E43917700A2BE0B /* Game.xcassets */,
				1017C2A41E51E13C00DFEF26 /* Bitmasks.swift */,
				D16BB2031E43917700A2BE0B /* GameViewController.swift */,
				D16BB2051E43917700A2BE0B /* Main.storyboard */,
				D16BB2081E43917700A2BE0B /* Assets.xcassets */,
				D16BB20A1E43917700A2BE0B /* Info.plist */,
			);
			path = pongball;
			sourceTree = "<group>";
		};
		D19EB3B91E44B20200C44DEA /* Nodes */ = {
			isa = PBXGroup;
			children = (
				D19EB3BA1E44B23F00C44DEA /* Paddle.swift */,
				1055BA991E4DDFB7000FDB1A /* Ball.swift */,
				10E618391E4E0C9100462512 /* Corner.swift */,
				1017C2A21E51DD7A00DFEF26 /* Goal.swift */,
				1017C2A01E51CB3800DFEF26 /* GameArea.swift */,
				D112F4001E532C0800959664 /* TiledNode.swift */,
			);
			name = Nodes;
			sourceTree = "<group>";
		};
		E96726BC0D42576A6B1E5725 /* Pods */ = {
			isa = PBXGroup;
			children = (
				2725AB485C07487854E5A6AC /* Pods-pongball.debug.xcconfig */,
				42C18ADB95DE28E519BC97DE /* Pods-pongball.release.xcconfig */,
			);
			name = Pods;
			sourceTree = "<group>";
		};
/* End PBXGroup section */

/* Begin PBXNativeTarget section */
		D16BB1F51E43917600A2BE0B /* pongball */ = {
			isa = PBXNativeTarget;
			buildConfigurationList = D16BB20D1E43917700A2BE0B /* Build configuration list for PBXNativeTarget "pongball" */;
			buildPhases = (
				32F80980E460C97FC1493502 /* [CP] Check Pods Manifest.lock */,
				D16BB1F21E43917600A2BE0B /* Sources */,
				D16BB1F31E43917600A2BE0B /* Frameworks */,
				D16BB1F41E43917600A2BE0B /* Resources */,
				0F5FE3B5334AFB30D48FE719 /* [CP] Embed Pods Frameworks */,
				C45AEC82DA69E02AA14B8251 /* [CP] Copy Pods Resources */,
			);
			buildRules = (
			);
			dependencies = (
			);
			name = pongball;
			productName = pongball;
			productReference = D16BB1F61E43917700A2BE0B /* pongball.app */;
			productType = "com.apple.product-type.application";
		};
/* End PBXNativeTarget section */

/* Begin PBXProject section */
		D16BB1EE1E43917600A2BE0B /* Project object */ = {
			isa = PBXProject;
			attributes = {
				LastSwiftUpdateCheck = 0820;
				LastUpgradeCheck = 0820;
				ORGANIZATIONNAME = matheusmcardoso;
				TargetAttributes = {
					D16BB1F51E43917600A2BE0B = {
						CreatedOnToolsVersion = 8.2.1;
						DevelopmentTeam = FWD9V5VYJ2;
						ProvisioningStyle = Automatic;
					};
				};
			};
			buildConfigurationList = D16BB1F11E43917600A2BE0B /* Build configuration list for PBXProject "pongball" */;
			compatibilityVersion = "Xcode 3.2";
			developmentRegion = English;
			hasScannedForEncodings = 0;
			knownRegions = (
				en,
				Base,
			);
			mainGroup = D16BB1ED1E43917600A2BE0B;
			productRefGroup = D16BB1F71E43917700A2BE0B /* Products */;
			projectDirPath = "";
			projectRoot = "";
			targets = (
				D16BB1F51E43917600A2BE0B /* pongball */,
			);
		};
/* End PBXProject section */

/* Begin PBXResourcesBuildPhase section */
		D16BB1F41E43917600A2BE0B /* Resources */ = {
			isa = PBXResourcesBuildPhase;
			buildActionMask = 2147483647;
			files = (
				10E6185A1E4FAC4F00462512 /* orange-01.png in Resources */,
				10E618621E4FAC8100462512 /* pink-01.png in Resources */,
				10E618521E4FAC2D00462512 /* white-01.png in Resources */,
				10E6184C1E4FABDA00462512 /* blue-03.png in Resources */,
				10E618641E4FAC8100462512 /* pink-03.png in Resources */,
				10E6187D1E4FAD3900462512 /* red-02.png in Resources */,
				10E618651E4FAC8100462512 /* pink-04.png in Resources */,
				10E6186A1E4FACC100462512 /* green-01.png in Resources */,
				10E6185B1E4FAC4F00462512 /* orange-02.png in Resources */,
				10E6187E1E4FAD3900462512 /* red-03.png in Resources */,
				10E6184A1E4FABDA00462512 /* blue-01.png in Resources */,
				10E6186C1E4FACC100462512 /* green-03.png in Resources */,
				10E618741E4FAD0000462512 /* purple-01.png in Resources */,
				10E6186B1E4FACC100462512 /* green-02.png in Resources */,
				D16BB2001E43917700A2BE0B /* Game.xcassets in Resources */,
				10AE78D21E532996003465F0 /* tile-01.png in Resources */,
				10E618751E4FAD0000462512 /* purple-02.png in Resources */,
				D16BB2071E43917700A2BE0B /* Main.storyboard in Resources */,
				10E618531E4FAC2D00462512 /* white-02.png in Resources */,
				10E6187C1E4FAD3900462512 /* red-01.png in Resources */,
				10E618761E4FAD0000462512 /* purple-03.png in Resources */,
				10E618541E4FAC2D00462512 /* white-03.png in Resources */,
				10E6185C1E4FAC4F00462512 /* orange-03.png in Resources */,
				10E6184D1E4FABDA00462512 /* blue-04.png in Resources */,
				10E618551E4FAC2D00462512 /* white-04.png in Resources */,
				10E6185D1E4FAC4F00462512 /* orange-04.png in Resources */,
				D16BB2091E43917700A2BE0B /* Assets.xcassets in Resources */,
				10E6186D1E4FACC100462512 /* green-04.png in Resources */,
				10E618771E4FAD0000462512 /* purple-04.png in Resources */,
				10E6187F1E4FAD3900462512 /* red-04.png in Resources */,
				10E6184B1E4FABDA00462512 /* blue-02.png in Resources */,
				10E618631E4FAC8100462512 /* pink-02.png in Resources */,
			);
			runOnlyForDeploymentPostprocessing = 0;
		};
/* End PBXResourcesBuildPhase section */

/* Begin PBXShellScriptBuildPhase section */
		0F5FE3B5334AFB30D48FE719 /* [CP] Embed Pods Frameworks */ = {
			isa = PBXShellScriptBuildPhase;
			buildActionMask = 2147483647;
			files = (
			);
			inputPaths = (
			);
			name = "[CP] Embed Pods Frameworks";
			outputPaths = (
			);
			runOnlyForDeploymentPostprocessing = 0;
			shellPath = /bin/sh;
			shellScript = "\"${SRCROOT}/Pods/Target Support Files/Pods-pongball/Pods-pongball-frameworks.sh\"\n";
			showEnvVarsInLog = 0;
		};
		32F80980E460C97FC1493502 /* [CP] Check Pods Manifest.lock */ = {
			isa = PBXShellScriptBuildPhase;
			buildActionMask = 2147483647;
			files = (
			);
			inputPaths = (
			);
			name = "[CP] Check Pods Manifest.lock";
			outputPaths = (
			);
			runOnlyForDeploymentPostprocessing = 0;
			shellPath = /bin/sh;
			shellScript = "diff \"${PODS_ROOT}/../Podfile.lock\" \"${PODS_ROOT}/Manifest.lock\" > /dev/null\nif [ $? != 0 ] ; then\n    # print error to STDERR\n    echo \"error: The sandbox is not in sync with the Podfile.lock. Run 'pod install' or update your CocoaPods installation.\" >&2\n    exit 1\nfi\n";
			showEnvVarsInLog = 0;
		};
		C45AEC82DA69E02AA14B8251 /* [CP] Copy Pods Resources */ = {
			isa = PBXShellScriptBuildPhase;
			buildActionMask = 2147483647;
			files = (
			);
			inputPaths = (
			);
			name = "[CP] Copy Pods Resources";
			outputPaths = (
			);
			runOnlyForDeploymentPostprocessing = 0;
			shellPath = /bin/sh;
			shellScript = "\"${SRCROOT}/Pods/Target Support Files/Pods-pongball/Pods-pongball-resources.sh\"\n";
			showEnvVarsInLog = 0;
		};
/* End PBXShellScriptBuildPhase section */

/* Begin PBXSourcesBuildPhase section */
		D16BB1F21E43917600A2BE0B /* Sources */ = {
			isa = PBXSourcesBuildPhase;
			buildActionMask = 2147483647;
			files = (
				1055BA9A1E4DDFB7000FDB1A /* Ball.swift in Sources */,
				1017C2A31E51DD7A00DFEF26 /* Goal.swift in Sources */,
				D112F4011E532C0800959664 /* TiledNode.swift in Sources */,
				D16045331E4DE8DC0007B4B7 /* ControllerManager.swift in Sources */,
				D16BB2021E43917700A2BE0B /* GameScene.swift in Sources */,
				D11BE13E1E51E193009D6414 /* ControllerTestScene.swift in Sources */,
				10E6183A1E4E0C9100462512 /* Corner.swift in Sources */,
				D19EB3BB1E44B23F00C44DEA /* Paddle.swift in Sources */,
				D16BB2041E43917700A2BE0B /* GameViewController.swift in Sources */,
				D160453A1E4DF5B70007B4B7 /* CGPoint+Extensions.swift in Sources */,
				D16045381E4DF0610007B4B7 /* Updatable.swift in Sources */,
				1017C2A11E51CB3800DFEF26 /* GameArea.swift in Sources */,
				D16BB1FA1E43917700A2BE0B /* AppDelegate.swift in Sources */,
				1017C2A51E51E13C00DFEF26 /* Bitmasks.swift in Sources */,
				6A45A56E1E4D724700212AA1 /* MultipeerManager.swift in Sources */,
				D16045311E4DE6CE0007B4B7 /* SKNode+Extensions.swift in Sources */,
			);
			runOnlyForDeploymentPostprocessing = 0;
		};
/* End PBXSourcesBuildPhase section */

/* Begin PBXVariantGroup section */
		D16BB2051E43917700A2BE0B /* Main.storyboard */ = {
			isa = PBXVariantGroup;
			children = (
				D16BB2061E43917700A2BE0B /* Base */,
			);
			name = Main.storyboard;
			sourceTree = "<group>";
		};
/* End PBXVariantGroup section */

/* Begin XCBuildConfiguration section */
		D16BB20B1E43917700A2BE0B /* Debug */ = {
			isa = XCBuildConfiguration;
			buildSettings = {
				ALWAYS_SEARCH_USER_PATHS = NO;
				CLANG_ANALYZER_NONNULL = YES;
				CLANG_CXX_LANGUAGE_STANDARD = "gnu++0x";
				CLANG_CXX_LIBRARY = "libc++";
				CLANG_ENABLE_MODULES = YES;
				CLANG_ENABLE_OBJC_ARC = YES;
				CLANG_WARN_BOOL_CONVERSION = YES;
				CLANG_WARN_CONSTANT_CONVERSION = YES;
				CLANG_WARN_DIRECT_OBJC_ISA_USAGE = YES_ERROR;
				CLANG_WARN_DOCUMENTATION_COMMENTS = YES;
				CLANG_WARN_EMPTY_BODY = YES;
				CLANG_WARN_ENUM_CONVERSION = YES;
				CLANG_WARN_INFINITE_RECURSION = YES;
				CLANG_WARN_INT_CONVERSION = YES;
				CLANG_WARN_OBJC_ROOT_CLASS = YES_ERROR;
				CLANG_WARN_SUSPICIOUS_MOVE = YES;
				CLANG_WARN_UNREACHABLE_CODE = YES;
				CLANG_WARN__DUPLICATE_METHOD_MATCH = YES;
				COPY_PHASE_STRIP = NO;
				DEBUG_INFORMATION_FORMAT = dwarf;
				ENABLE_STRICT_OBJC_MSGSEND = YES;
				ENABLE_TESTABILITY = YES;
				GCC_C_LANGUAGE_STANDARD = gnu99;
				GCC_DYNAMIC_NO_PIC = NO;
				GCC_NO_COMMON_BLOCKS = YES;
				GCC_OPTIMIZATION_LEVEL = 0;
				GCC_PREPROCESSOR_DEFINITIONS = (
					"DEBUG=1",
					"$(inherited)",
				);
				GCC_WARN_64_TO_32_BIT_CONVERSION = YES;
				GCC_WARN_ABOUT_RETURN_TYPE = YES_ERROR;
				GCC_WARN_UNDECLARED_SELECTOR = YES;
				GCC_WARN_UNINITIALIZED_AUTOS = YES_AGGRESSIVE;
				GCC_WARN_UNUSED_FUNCTION = YES;
				GCC_WARN_UNUSED_VARIABLE = YES;
				MTL_ENABLE_DEBUG_INFO = YES;
				ONLY_ACTIVE_ARCH = YES;
				SDKROOT = appletvos;
				SWIFT_ACTIVE_COMPILATION_CONDITIONS = DEBUG;
				SWIFT_OPTIMIZATION_LEVEL = "-Onone";
				SWIFT_VERSION = 3.0;
				TARGETED_DEVICE_FAMILY = 3;
				TVOS_DEPLOYMENT_TARGET = 10.1;
			};
			name = Debug;
		};
		D16BB20C1E43917700A2BE0B /* Release */ = {
			isa = XCBuildConfiguration;
			buildSettings = {
				ALWAYS_SEARCH_USER_PATHS = NO;
				CLANG_ANALYZER_NONNULL = YES;
				CLANG_CXX_LANGUAGE_STANDARD = "gnu++0x";
				CLANG_CXX_LIBRARY = "libc++";
				CLANG_ENABLE_MODULES = YES;
				CLANG_ENABLE_OBJC_ARC = YES;
				CLANG_WARN_BOOL_CONVERSION = YES;
				CLANG_WARN_CONSTANT_CONVERSION = YES;
				CLANG_WARN_DIRECT_OBJC_ISA_USAGE = YES_ERROR;
				CLANG_WARN_DOCUMENTATION_COMMENTS = YES;
				CLANG_WARN_EMPTY_BODY = YES;
				CLANG_WARN_ENUM_CONVERSION = YES;
				CLANG_WARN_INFINITE_RECURSION = YES;
				CLANG_WARN_INT_CONVERSION = YES;
				CLANG_WARN_OBJC_ROOT_CLASS = YES_ERROR;
				CLANG_WARN_SUSPICIOUS_MOVE = YES;
				CLANG_WARN_UNREACHABLE_CODE = YES;
				CLANG_WARN__DUPLICATE_METHOD_MATCH = YES;
				COPY_PHASE_STRIP = NO;
				DEBUG_INFORMATION_FORMAT = "dwarf-with-dsym";
				ENABLE_NS_ASSERTIONS = NO;
				ENABLE_STRICT_OBJC_MSGSEND = YES;
				GCC_C_LANGUAGE_STANDARD = gnu99;
				GCC_NO_COMMON_BLOCKS = YES;
				GCC_WARN_64_TO_32_BIT_CONVERSION = YES;
				GCC_WARN_ABOUT_RETURN_TYPE = YES_ERROR;
				GCC_WARN_UNDECLARED_SELECTOR = YES;
				GCC_WARN_UNINITIALIZED_AUTOS = YES_AGGRESSIVE;
				GCC_WARN_UNUSED_FUNCTION = YES;
				GCC_WARN_UNUSED_VARIABLE = YES;
				MTL_ENABLE_DEBUG_INFO = NO;
				SDKROOT = appletvos;
				SWIFT_OPTIMIZATION_LEVEL = "-Owholemodule";
				SWIFT_VERSION = 3.0;
				TARGETED_DEVICE_FAMILY = 3;
				TVOS_DEPLOYMENT_TARGET = 10.1;
				VALIDATE_PRODUCT = YES;
			};
			name = Release;
		};
		D16BB20E1E43917700A2BE0B /* Debug */ = {
			isa = XCBuildConfiguration;
			baseConfigurationReference = 2725AB485C07487854E5A6AC /* Pods-pongball.debug.xcconfig */;
			buildSettings = {
				ASSETCATALOG_COMPILER_APPICON_NAME = "App Icon & Top Shelf Image";
				ASSETCATALOG_COMPILER_LAUNCHIMAGE_NAME = LaunchImage;
				DEVELOPMENT_TEAM = FWD9V5VYJ2;
				INFOPLIST_FILE = pongball/Info.plist;
				LD_RUNPATH_SEARCH_PATHS = "$(inherited) @executable_path/Frameworks";
				PRODUCT_BUNDLE_IDENTIFIER = com.matheusmcardoso.pongball;
				PRODUCT_NAME = "$(TARGET_NAME)";
				SWIFT_VERSION = 3.0;
			};
			name = Debug;
		};
		D16BB20F1E43917700A2BE0B /* Release */ = {
			isa = XCBuildConfiguration;
			baseConfigurationReference = 42C18ADB95DE28E519BC97DE /* Pods-pongball.release.xcconfig */;
			buildSettings = {
				ASSETCATALOG_COMPILER_APPICON_NAME = "App Icon & Top Shelf Image";
				ASSETCATALOG_COMPILER_LAUNCHIMAGE_NAME = LaunchImage;
				DEVELOPMENT_TEAM = FWD9V5VYJ2;
				INFOPLIST_FILE = pongball/Info.plist;
				LD_RUNPATH_SEARCH_PATHS = "$(inherited) @executable_path/Frameworks";
				PRODUCT_BUNDLE_IDENTIFIER = com.matheusmcardoso.pongball;
				PRODUCT_NAME = "$(TARGET_NAME)";
				SWIFT_VERSION = 3.0;
			};
			name = Release;
		};
/* End XCBuildConfiguration section */

/* Begin XCConfigurationList section */
		D16BB1F11E43917600A2BE0B /* Build configuration list for PBXProject "pongball" */ = {
			isa = XCConfigurationList;
			buildConfigurations = (
				D16BB20B1E43917700A2BE0B /* Debug */,
				D16BB20C1E43917700A2BE0B /* Release */,
			);
			defaultConfigurationIsVisible = 0;
			defaultConfigurationName = Release;
		};
		D16BB20D1E43917700A2BE0B /* Build configuration list for PBXNativeTarget "pongball" */ = {
			isa = XCConfigurationList;
			buildConfigurations = (
				D16BB20E1E43917700A2BE0B /* Debug */,
				D16BB20F1E43917700A2BE0B /* Release */,
			);
			defaultConfigurationIsVisible = 0;
			defaultConfigurationName = Release;
		};
/* End XCConfigurationList section */
	};
	rootObject = D16BB1EE1E43917600A2BE0B /* Project object */;
}
